// !$*UTF8*$!
{
	archiveVersion = 1;
	classes = {
	};
	objectVersion = 77;
	objects = {

/* Begin PBXBuildFile section */
		48FF949D2E248681000DDE6E /* BridgetBridgeDetail in Frameworks */ = {isa = PBXBuildFile; productRef = 48FF949C2E248681000DDE6E /* BridgetBridgeDetail */; };
		48FF94A02E248699000DDE6E /* BridgetBridgesList in Frameworks */ = {isa = PBXBuildFile; productRef = 48FF949F2E248699000DDE6E /* BridgetBridgesList */; };
		48FF94A32E2486AC000DDE6E /* BridgetCore in Frameworks */ = {isa = PBXBuildFile; productRef = 48FF94A22E2486AC000DDE6E /* BridgetCore */; };
		48FF94A62E2486D7000DDE6E /* BridgetDashboard in Frameworks */ = {isa = PBXBuildFile; productRef = 48FF94A52E2486D7000DDE6E /* BridgetDashboard */; };
		48FF94A92E2486EA000DDE6E /* BridgetHistory in Frameworks */ = {isa = PBXBuildFile; productRef = 48FF94A82E2486EA000DDE6E /* BridgetHistory */; };
		48FF94AC2E2486FE000DDE6E /* BridgetNetworking in Frameworks */ = {isa = PBXBuildFile; productRef = 48FF94AB2E2486FE000DDE6E /* BridgetNetworking */; };
		48FF94AF2E248712000DDE6E /* BridgetRouting in Frameworks */ = {isa = PBXBuildFile; productRef = 48FF94AE2E248712000DDE6E /* BridgetRouting */; };
		48FF94B22E248727000DDE6E /* BridgetSettings in Frameworks */ = {isa = PBXBuildFile; productRef = 48FF94B12E248727000DDE6E /* BridgetSettings */; };
		48FF94B52E248739000DDE6E /* BridgetSharedUI in Frameworks */ = {isa = PBXBuildFile; productRef = 48FF94B42E248739000DDE6E /* BridgetSharedUI */; };
		48FF94B82E248749000DDE6E /* BridgetStatistics in Frameworks */ = {isa = PBXBuildFile; productRef = 48FF94B72E248749000DDE6E /* BridgetStatistics */; };
/* End PBXBuildFile section */

/* Begin PBXContainerItemProxy section */
		48FF947F2E247C5A000DDE6E /* PBXContainerItemProxy */ = {
			isa = PBXContainerItemProxy;
			containerPortal = 48FF94672E247C59000DDE6E /* Project object */;
			proxyType = 1;
			remoteGlobalIDString = 48FF946E2E247C59000DDE6E;
			remoteInfo = Bridget;
		};
		48FF94892E247C5A000DDE6E /* PBXContainerItemProxy */ = {
			isa = PBXContainerItemProxy;
			containerPortal = 48FF94672E247C59000DDE6E /* Project object */;
			proxyType = 1;
			remoteGlobalIDString = 48FF946E2E247C59000DDE6E;
			remoteInfo = Bridget;
		};
/* End PBXContainerItemProxy section */

/* Begin PBXFileReference section */
		48FF946F2E247C59000DDE6E /* Bridget.app */ = {isa = PBXFileReference; explicitFileType = wrapper.application; includeInIndex = 0; path = Bridget.app; sourceTree = BUILT_PRODUCTS_DIR; };
		48FF947E2E247C5A000DDE6E /* BridgetTests.xctest */ = {isa = PBXFileReference; explicitFileType = wrapper.cfbundle; includeInIndex = 0; path = BridgetTests.xctest; sourceTree = BUILT_PRODUCTS_DIR; };
		48FF94882E247C5A000DDE6E /* BridgetUITests.xctest */ = {isa = PBXFileReference; explicitFileType = wrapper.cfbundle; includeInIndex = 0; path = BridgetUITests.xctest; sourceTree = BUILT_PRODUCTS_DIR; };
/* End PBXFileReference section */

/* Begin PBXFileSystemSynchronizedRootGroup section */
		48FF94712E247C59000DDE6E /* Bridget */ = {
			isa = PBXFileSystemSynchronizedRootGroup;
			path = Bridget;
			sourceTree = "<group>";
		};
/* End PBXFileSystemSynchronizedRootGroup section */

/* Begin PBXFrameworksBuildPhase section */
		48FF946C2E247C59000DDE6E /* Frameworks */ = {
			isa = PBXFrameworksBuildPhase;
			buildActionMask = 2147483647;
			files = (
				48FF94AC2E2486FE000DDE6E /* BridgetNetworking in Frameworks */,
				48FF94B22E248727000DDE6E /* BridgetSettings in Frameworks */,
				48FF94A92E2486EA000DDE6E /* BridgetHistory in Frameworks */,
				48FF94B82E248749000DDE6E /* BridgetStatistics in Frameworks */,
				48FF94AF2E248712000DDE6E /* BridgetRouting in Frameworks */,
				48FF949D2E248681000DDE6E /* BridgetBridgeDetail in Frameworks */,
				48FF94A62E2486D7000DDE6E /* BridgetDashboard in Frameworks */,
				48FF94A02E248699000DDE6E /* BridgetBridgesList in Frameworks */,
				48FF94B52E248739000DDE6E /* BridgetSharedUI in Frameworks */,
				48FF94A32E2486AC000DDE6E /* BridgetCore in Frameworks */,
			);
			runOnlyForDeploymentPostprocessing = 0;
		};
		48FF947B2E247C5A000DDE6E /* Frameworks */ = {
			isa = PBXFrameworksBuildPhase;
			buildActionMask = 2147483647;
			files = (
			);
			runOnlyForDeploymentPostprocessing = 0;
		};
		48FF94852E247C5A000DDE6E /* Frameworks */ = {
			isa = PBXFrameworksBuildPhase;
			buildActionMask = 2147483647;
			files = (
			);
			runOnlyForDeploymentPostprocessing = 0;
		};
/* End PBXFrameworksBuildPhase section */

/* Begin PBXGroup section */
		48FF94662E247C59000DDE6E = {
			isa = PBXGroup;
			children = (
				48FF94712E247C59000DDE6E /* Bridget */,
				48FF94702E247C59000DDE6E /* Products */,
			);
			sourceTree = "<group>";
		};
		48FF94702E247C59000DDE6E /* Products */ = {
			isa = PBXGroup;
			children = (
				48FF946F2E247C59000DDE6E /* Bridget.app */,
				48FF947E2E247C5A000DDE6E /* BridgetTests.xctest */,
				48FF94882E247C5A000DDE6E /* BridgetUITests.xctest */,
			);
			name = Products;
			sourceTree = "<group>";
		};
/* End PBXGroup section */

/* Begin PBXNativeTarget section */
		48FF946E2E247C59000DDE6E /* Bridget */ = {
			isa = PBXNativeTarget;
			buildConfigurationList = 48FF94922E247C5A000DDE6E /* Build configuration list for PBXNativeTarget "Bridget" */;
			buildPhases = (
				48FF946B2E247C59000DDE6E /* Sources */,
				48FF946C2E247C59000DDE6E /* Frameworks */,
				48FF946D2E247C59000DDE6E /* Resources */,
			);
			buildRules = (
			);
			dependencies = (
			);
			fileSystemSynchronizedGroups = (
				48FF94712E247C59000DDE6E /* Bridget */,
			);
			name = Bridget;
			packageProductDependencies = (
				48FF949C2E248681000DDE6E /* BridgetBridgeDetail */,
				48FF949F2E248699000DDE6E /* BridgetBridgesList */,
				48FF94A22E2486AC000DDE6E /* BridgetCore */,
				48FF94A52E2486D7000DDE6E /* BridgetDashboard */,
				48FF94A82E2486EA000DDE6E /* BridgetHistory */,
				48FF94AB2E2486FE000DDE6E /* BridgetNetworking */,
				48FF94AE2E248712000DDE6E /* BridgetRouting */,
				48FF94B12E248727000DDE6E /* BridgetSettings */,
				48FF94B42E248739000DDE6E /* BridgetSharedUI */,
				48FF94B72E248749000DDE6E /* BridgetStatistics */,
			);
			productName = Bridget;
			productReference = 48FF946F2E247C59000DDE6E /* Bridget.app */;
			productType = "com.apple.product-type.application";
		};
		48FF947D2E247C5A000DDE6E /* BridgetTests */ = {
			isa = PBXNativeTarget;
			buildConfigurationList = 48FF94952E247C5A000DDE6E /* Build configuration list for PBXNativeTarget "BridgetTests" */;
			buildPhases = (
				48FF947A2E247C5A000DDE6E /* Sources */,
				48FF947B2E247C5A000DDE6E /* Frameworks */,
				48FF947C2E247C5A000DDE6E /* Resources */,
			);
			buildRules = (
			);
			dependencies = (
				48FF94802E247C5A000DDE6E /* PBXTargetDependency */,
			);
			name = BridgetTests;
			packageProductDependencies = (
			);
			productName = BridgetTests;
			productReference = 48FF947E2E247C5A000DDE6E /* BridgetTests.xctest */;
			productType = "com.apple.product-type.bundle.unit-test";
		};
		48FF94872E247C5A000DDE6E /* BridgetUITests */ = {
			isa = PBXNativeTarget;
			buildConfigurationList = 48FF94982E247C5A000DDE6E /* Build configuration list for PBXNativeTarget "BridgetUITests" */;
			buildPhases = (
				48FF94842E247C5A000DDE6E /* Sources */,
				48FF94852E247C5A000DDE6E /* Frameworks */,
				48FF94862E247C5A000DDE6E /* Resources */,
			);
			buildRules = (
			);
			dependencies = (
				48FF948A2E247C5A000DDE6E /* PBXTargetDependency */,
			);
			name = BridgetUITests;
			packageProductDependencies = (
			);
			productName = BridgetUITests;
			productReference = 48FF94882E247C5A000DDE6E /* BridgetUITests.xctest */;
			productType = "com.apple.product-type.bundle.ui-testing";
		};
/* End PBXNativeTarget section */

/* Begin PBXProject section */
		48FF94672E247C59000DDE6E /* Project object */ = {
			isa = PBXProject;
			attributes = {
				BuildIndependentTargetsInParallel = 1;
				LastSwiftUpdateCheck = 1640;
				LastUpgradeCheck = 1640;
				TargetAttributes = {
					48FF946E2E247C59000DDE6E = {
						CreatedOnToolsVersion = 16.4;
					};
					48FF947D2E247C5A000DDE6E = {
						CreatedOnToolsVersion = 16.4;
						TestTargetID = 48FF946E2E247C59000DDE6E;
					};
					48FF94872E247C5A000DDE6E = {
						CreatedOnToolsVersion = 16.4;
						TestTargetID = 48FF946E2E247C59000DDE6E;
					};
				};
			};
			buildConfigurationList = 48FF946A2E247C59000DDE6E /* Build configuration list for PBXProject "Bridget" */;
			developmentRegion = en;
			hasScannedForEncodings = 0;
			knownRegions = (
				en,
				Base,
			);
			mainGroup = 48FF94662E247C59000DDE6E;
			minimizedProjectReferenceProxies = 1;
			packageReferences = (
				48FF949B2E248681000DDE6E /* XCLocalSwiftPackageReference "Packages/BridgetBridgeDetail" */,
				48FF949E2E248699000DDE6E /* XCLocalSwiftPackageReference "Packages/BridgetBridgesList" */,
				48FF94A12E2486AC000DDE6E /* XCLocalSwiftPackageReference "Packages/BridgetCore" */,
				48FF94A42E2486D7000DDE6E /* XCLocalSwiftPackageReference "Packages/BridgetDashboard" */,
				48FF94A72E2486EA000DDE6E /* XCLocalSwiftPackageReference "Packages/BridgetHistory" */,
				48FF94AA2E2486FE000DDE6E /* XCLocalSwiftPackageReference "Packages/BridgetNetworking" */,
				48FF94AD2E248712000DDE6E /* XCLocalSwiftPackageReference "Packages/BridgetRouting" */,
				48FF94B02E248727000DDE6E /* XCLocalSwiftPackageReference "Packages/BridgetSettings" */,
				48FF94B32E248739000DDE6E /* XCLocalSwiftPackageReference "Packages/BridgetSharedUI" */,
				48FF94B62E248749000DDE6E /* XCLocalSwiftPackageReference "Packages/BridgetStatistics" */,
			);
			preferredProjectObjectVersion = 77;
			productRefGroup = 48FF94702E247C59000DDE6E /* Products */;
			projectDirPath = "";
			projectRoot = "";
			targets = (
				48FF946E2E247C59000DDE6E /* Bridget */,
				48FF947D2E247C5A000DDE6E /* BridgetTests */,
				48FF94872E247C5A000DDE6E /* BridgetUITests */,
			);
		};
/* End PBXProject section */

/* Begin PBXResourcesBuildPhase section */
		48FF946D2E247C59000DDE6E /* Resources */ = {
			isa = PBXResourcesBuildPhase;
			buildActionMask = 2147483647;
			files = (
			);
			runOnlyForDeploymentPostprocessing = 0;
		};
		48FF947C2E247C5A000DDE6E /* Resources */ = {
			isa = PBXResourcesBuildPhase;
			buildActionMask = 2147483647;
			files = (
			);
			runOnlyForDeploymentPostprocessing = 0;
		};
		48FF94862E247C5A000DDE6E /* Resources */ = {
			isa = PBXResourcesBuildPhase;
			buildActionMask = 2147483647;
			files = (
			);
			runOnlyForDeploymentPostprocessing = 0;
		};
/* End PBXResourcesBuildPhase section */

/* Begin PBXSourcesBuildPhase section */
		48FF946B2E247C59000DDE6E /* Sources */ = {
			isa = PBXSourcesBuildPhase;
			buildActionMask = 2147483647;
			files = (
			);
			runOnlyForDeploymentPostprocessing = 0;
		};
		48FF947A2E247C5A000DDE6E /* Sources */ = {
			isa = PBXSourcesBuildPhase;
			buildActionMask = 2147483647;
			files = (
			);
			runOnlyForDeploymentPostprocessing = 0;
		};
		48FF94842E247C5A000DDE6E /* Sources */ = {
			isa = PBXSourcesBuildPhase;
			buildActionMask = 2147483647;
			files = (
			);
			runOnlyForDeploymentPostprocessing = 0;
		};
/* End PBXSourcesBuildPhase section */

/* Begin PBXTargetDependency section */
		48FF94802E247C5A000DDE6E /* PBXTargetDependency */ = {
			isa = PBXTargetDependency;
			target = 48FF946E2E247C59000DDE6E /* Bridget */;
			targetProxy = 48FF947F2E247C5A000DDE6E /* PBXContainerItemProxy */;
		};
		48FF948A2E247C5A000DDE6E /* PBXTargetDependency */ = {
			isa = PBXTargetDependency;
			target = 48FF946E2E247C59000DDE6E /* Bridget */;
			targetProxy = 48FF94892E247C5A000DDE6E /* PBXContainerItemProxy */;
		};
/* End PBXTargetDependency section */

/* Begin XCBuildConfiguration section */
		48FF94902E247C5A000DDE6E /* Debug */ = {
			isa = XCBuildConfiguration;
			buildSettings = {
				ALWAYS_SEARCH_USER_PATHS = NO;
				ASSETCATALOG_COMPILER_GENERATE_SWIFT_ASSET_SYMBOL_EXTENSIONS = YES;
				CLANG_ANALYZER_NONNULL = YES;
				CLANG_ANALYZER_NUMBER_OBJECT_CONVERSION = YES_AGGRESSIVE;
				CLANG_CXX_LANGUAGE_STANDARD = "gnu++20";
				CLANG_ENABLE_MODULES = YES;
				CLANG_ENABLE_OBJC_ARC = YES;
				CLANG_ENABLE_OBJC_WEAK = YES;
				CLANG_WARN_BLOCK_CAPTURE_AUTORELEASING = YES;
				CLANG_WARN_BOOL_CONVERSION = YES;
				CLANG_WARN_COMMA = YES;
				CLANG_WARN_CONSTANT_CONVERSION = YES;
				CLANG_WARN_DEPRECATED_OBJC_IMPLEMENTATIONS = YES;
				CLANG_WARN_DIRECT_OBJC_ISA_USAGE = YES_ERROR;
				CLANG_WARN_DOCUMENTATION_COMMENTS = YES;
				CLANG_WARN_EMPTY_BODY = YES;
				CLANG_WARN_ENUM_CONVERSION = YES;
				CLANG_WARN_INFINITE_RECURSION = YES;
				CLANG_WARN_INT_CONVERSION = YES;
				CLANG_WARN_NON_LITERAL_NULL_CONVERSION = YES;
				CLANG_WARN_OBJC_IMPLICIT_RETAIN_SELF = YES;
				CLANG_WARN_OBJC_LITERAL_CONVERSION = YES;
				CLANG_WARN_OBJC_ROOT_CLASS = YES_ERROR;
				CLANG_WARN_QUOTED_INCLUDE_IN_FRAMEWORK_HEADER = YES;
				CLANG_WARN_RANGE_LOOP_ANALYSIS = YES;
				CLANG_WARN_STRICT_PROTOTYPES = YES;
				CLANG_WARN_SUSPICIOUS_MOVE = YES;
				CLANG_WARN_UNGUARDED_AVAILABILITY = YES_AGGRESSIVE;
				CLANG_WARN_UNREACHABLE_CODE = YES;
				CLANG_WARN__DUPLICATE_METHOD_MATCH = YES;
				COPY_PHASE_STRIP = NO;
				DEBUG_INFORMATION_FORMAT = dwarf;
				DEVELOPMENT_TEAM = A826T32EQ3;
				ENABLE_STRICT_OBJC_MSGSEND = YES;
				ENABLE_TESTABILITY = YES;
				ENABLE_USER_SCRIPT_SANDBOXING = YES;
				GCC_C_LANGUAGE_STANDARD = gnu17;
				GCC_DYNAMIC_NO_PIC = NO;
				GCC_NO_COMMON_BLOCKS = YES;
				GCC_OPTIMIZATION_LEVEL = 0;
				GCC_PREPROCESSOR_DEFINITIONS = (
					"DEBUG=1",
					"$(inherited)",
				);
				GCC_WARN_64_TO_32_BIT_CONVERSION = YES;
				GCC_WARN_ABOUT_RETURN_TYPE = YES_ERROR;
				GCC_WARN_UNDECLARED_SELECTOR = YES;
				GCC_WARN_UNINITIALIZED_AUTOS = YES_AGGRESSIVE;
				GCC_WARN_UNUSED_FUNCTION = YES;
				GCC_WARN_UNUSED_VARIABLE = YES;
				IPHONEOS_DEPLOYMENT_TARGET = 18.5;
				LOCALIZATION_PREFERS_STRING_CATALOGS = YES;
				MTL_ENABLE_DEBUG_INFO = INCLUDE_SOURCE;
				MTL_FAST_MATH = YES;
				ONLY_ACTIVE_ARCH = YES;
				SDKROOT = iphoneos;
				SWIFT_ACTIVE_COMPILATION_CONDITIONS = "DEBUG $(inherited)";
				SWIFT_OPTIMIZATION_LEVEL = "-Onone";
			};
			name = Debug;
		};
		48FF94912E247C5A000DDE6E /* Release */ = {
			isa = XCBuildConfiguration;
			buildSettings = {
				ALWAYS_SEARCH_USER_PATHS = NO;
				ASSETCATALOG_COMPILER_GENERATE_SWIFT_ASSET_SYMBOL_EXTENSIONS = YES;
				CLANG_ANALYZER_NONNULL = YES;
				CLANG_ANALYZER_NUMBER_OBJECT_CONVERSION = YES_AGGRESSIVE;
				CLANG_CXX_LANGUAGE_STANDARD = "gnu++20";
				CLANG_ENABLE_MODULES = YES;
				CLANG_ENABLE_OBJC_ARC = YES;
				CLANG_ENABLE_OBJC_WEAK = YES;
				CLANG_WARN_BLOCK_CAPTURE_AUTORELEASING = YES;
				CLANG_WARN_BOOL_CONVERSION = YES;
				CLANG_WARN_COMMA = YES;
				CLANG_WARN_CONSTANT_CONVERSION = YES;
				CLANG_WARN_DEPRECATED_OBJC_IMPLEMENTATIONS = YES;
				CLANG_WARN_DIRECT_OBJC_ISA_USAGE = YES_ERROR;
				CLANG_WARN_DOCUMENTATION_COMMENTS = YES;
				CLANG_WARN_EMPTY_BODY = YES;
				CLANG_WARN_ENUM_CONVERSION = YES;
				CLANG_WARN_INFINITE_RECURSION = YES;
				CLANG_WARN_INT_CONVERSION = YES;
				CLANG_WARN_NON_LITERAL_NULL_CONVERSION = YES;
				CLANG_WARN_OBJC_IMPLICIT_RETAIN_SELF = YES;
				CLANG_WARN_OBJC_LITERAL_CONVERSION = YES;
				CLANG_WARN_OBJC_ROOT_CLASS = YES_ERROR;
				CLANG_WARN_QUOTED_INCLUDE_IN_FRAMEWORK_HEADER = YES;
				CLANG_WARN_RANGE_LOOP_ANALYSIS = YES;
				CLANG_WARN_STRICT_PROTOTYPES = YES;
				CLANG_WARN_SUSPICIOUS_MOVE = YES;
				CLANG_WARN_UNGUARDED_AVAILABILITY = YES_AGGRESSIVE;
				CLANG_WARN_UNREACHABLE_CODE = YES;
				CLANG_WARN__DUPLICATE_METHOD_MATCH = YES;
				COPY_PHASE_STRIP = NO;
				DEBUG_INFORMATION_FORMAT = "dwarf-with-dsym";
				DEVELOPMENT_TEAM = A826T32EQ3;
				ENABLE_NS_ASSERTIONS = NO;
				ENABLE_STRICT_OBJC_MSGSEND = YES;
				ENABLE_USER_SCRIPT_SANDBOXING = YES;
				GCC_C_LANGUAGE_STANDARD = gnu17;
				GCC_NO_COMMON_BLOCKS = YES;
				GCC_WARN_64_TO_32_BIT_CONVERSION = YES;
				GCC_WARN_ABOUT_RETURN_TYPE = YES_ERROR;
				GCC_WARN_UNDECLARED_SELECTOR = YES;
				GCC_WARN_UNINITIALIZED_AUTOS = YES_AGGRESSIVE;
				GCC_WARN_UNUSED_FUNCTION = YES;
				GCC_WARN_UNUSED_VARIABLE = YES;
				IPHONEOS_DEPLOYMENT_TARGET = 18.5;
				LOCALIZATION_PREFERS_STRING_CATALOGS = YES;
				MTL_ENABLE_DEBUG_INFO = NO;
				MTL_FAST_MATH = YES;
				SDKROOT = iphoneos;
				SWIFT_COMPILATION_MODE = wholemodule;
				VALIDATE_PRODUCT = YES;
			};
			name = Release;
		};
		48FF94932E247C5A000DDE6E /* Debug */ = {
			isa = XCBuildConfiguration;
			buildSettings = {
				ASSETCATALOG_COMPILER_APPICON_NAME = AppIcon;
				ASSETCATALOG_COMPILER_GLOBAL_ACCENT_COLOR_NAME = AccentColor;
				CODE_SIGN_STYLE = Automatic;
				CURRENT_PROJECT_VERSION = 1;
				DEVELOPMENT_TEAM = A826T32EQ3;
				ENABLE_PREVIEWS = YES;
				GENERATE_INFOPLIST_FILE = YES;
				INFOPLIST_KEY_UIApplicationSceneManifest_Generation = YES;
				INFOPLIST_KEY_UIApplicationSupportsIndirectInputEvents = YES;
				INFOPLIST_KEY_UILaunchScreen_Generation = YES;
				INFOPLIST_KEY_UISupportedInterfaceOrientations_iPad = "UIInterfaceOrientationPortrait UIInterfaceOrientationPortraitUpsideDown UIInterfaceOrientationLandscapeLeft UIInterfaceOrientationLandscapeRight";
				INFOPLIST_KEY_UISupportedInterfaceOrientations_iPhone = "UIInterfaceOrientationPortrait UIInterfaceOrientationLandscapeLeft UIInterfaceOrientationLandscapeRight";
				LD_RUNPATH_SEARCH_PATHS = (
					"$(inherited)",
					"@executable_path/Frameworks",
				);
				MARKETING_VERSION = 1.0;
				PRODUCT_BUNDLE_IDENTIFIER = com.peterjemley.Bridget;
				PRODUCT_NAME = "$(TARGET_NAME)";
				SWIFT_EMIT_LOC_STRINGS = YES;
				SWIFT_VERSION = 5.0;
				TARGETED_DEVICE_FAMILY = "1,2";
			};
			name = Debug;
		};
		48FF94942E247C5A000DDE6E /* Release */ = {
			isa = XCBuildConfiguration;
			buildSettings = {
				ASSETCATALOG_COMPILER_APPICON_NAME = AppIcon;
				ASSETCATALOG_COMPILER_GLOBAL_ACCENT_COLOR_NAME = AccentColor;
				CODE_SIGN_STYLE = Automatic;
				CURRENT_PROJECT_VERSION = 1;
				DEVELOPMENT_TEAM = J5QAN9636K;
				ENABLE_PREVIEWS = YES;
				GENERATE_INFOPLIST_FILE = YES;
				INFOPLIST_KEY_UIApplicationSceneManifest_Generation = YES;
				INFOPLIST_KEY_UIApplicationSupportsIndirectInputEvents = YES;
				INFOPLIST_KEY_UILaunchScreen_Generation = YES;
				INFOPLIST_KEY_UISupportedInterfaceOrientations_iPad = "UIInterfaceOrientationPortrait UIInterfaceOrientationPortraitUpsideDown UIInterfaceOrientationLandscapeLeft UIInterfaceOrientationLandscapeRight";
				INFOPLIST_KEY_UISupportedInterfaceOrientations_iPhone = "UIInterfaceOrientationPortrait UIInterfaceOrientationLandscapeLeft UIInterfaceOrientationLandscapeRight";
				LD_RUNPATH_SEARCH_PATHS = (
					"$(inherited)",
					"@executable_path/Frameworks",
				);
				MARKETING_VERSION = 1.0;
				PRODUCT_BUNDLE_IDENTIFIER = com.peterjemley.Bridget;
				PRODUCT_NAME = "$(TARGET_NAME)";
				SWIFT_EMIT_LOC_STRINGS = YES;
				SWIFT_VERSION = 5.0;
				TARGETED_DEVICE_FAMILY = "1,2";
			};
			name = Release;
		};
		48FF94962E247C5A000DDE6E /* Debug */ = {
			isa = XCBuildConfiguration;
			buildSettings = {
				BUNDLE_LOADER = "$(TEST_HOST)";
				CODE_SIGN_STYLE = Automatic;
				CURRENT_PROJECT_VERSION = 1;
				DEVELOPMENT_TEAM = A826T32EQ3;
				GENERATE_INFOPLIST_FILE = YES;
				IPHONEOS_DEPLOYMENT_TARGET = 18.5;
				MARKETING_VERSION = 1.0;
				PRODUCT_BUNDLE_IDENTIFIER = com.peterjemley.BridgetTests;
				PRODUCT_NAME = "$(TARGET_NAME)";
				SWIFT_EMIT_LOC_STRINGS = NO;
				SWIFT_VERSION = 5.0;
				TARGETED_DEVICE_FAMILY = "1,2";
				TEST_HOST = "$(BUILT_PRODUCTS_DIR)/Bridget.app/$(BUNDLE_EXECUTABLE_FOLDER_PATH)/Bridget";
			};
			name = Debug;
		};
		48FF94972E247C5A000DDE6E /* Release */ = {
			isa = XCBuildConfiguration;
			buildSettings = {
				BUNDLE_LOADER = "$(TEST_HOST)";
				CODE_SIGN_STYLE = Automatic;
				CURRENT_PROJECT_VERSION = 1;
				DEVELOPMENT_TEAM = A826T32EQ3;
				GENERATE_INFOPLIST_FILE = YES;
				IPHONEOS_DEPLOYMENT_TARGET = 18.5;
				MARKETING_VERSION = 1.0;
				PRODUCT_BUNDLE_IDENTIFIER = com.peterjemley.BridgetTests;
				PRODUCT_NAME = "$(TARGET_NAME)";
				SWIFT_EMIT_LOC_STRINGS = NO;
				SWIFT_VERSION = 5.0;
				TARGETED_DEVICE_FAMILY = "1,2";
				TEST_HOST = "$(BUILT_PRODUCTS_DIR)/Bridget.app/$(BUNDLE_EXECUTABLE_FOLDER_PATH)/Bridget";
			};
			name = Release;
		};
		48FF94992E247C5A000DDE6E /* Debug */ = {
			isa = XCBuildConfiguration;
			buildSettings = {
				CODE_SIGN_STYLE = Automatic;
				CURRENT_PROJECT_VERSION = 1;
				DEVELOPMENT_TEAM = A826T32EQ3;
				GENERATE_INFOPLIST_FILE = YES;
				MARKETING_VERSION = 1.0;
				PRODUCT_BUNDLE_IDENTIFIER = com.peterjemley.BridgetUITests;
				PRODUCT_NAME = "$(TARGET_NAME)";
				SWIFT_EMIT_LOC_STRINGS = NO;
				SWIFT_VERSION = 5.0;
				TARGETED_DEVICE_FAMILY = "1,2";
				TEST_TARGET_NAME = Bridget;
			};
			name = Debug;
		};
		48FF949A2E247C5A000DDE6E /* Release */ = {
			isa = XCBuildConfiguration;
			buildSettings = {
				CODE_SIGN_STYLE = Automatic;
				CURRENT_PROJECT_VERSION = 1;
				DEVELOPMENT_TEAM = A826T32EQ3;
				GENERATE_INFOPLIST_FILE = YES;
				MARKETING_VERSION = 1.0;
				PRODUCT_BUNDLE_IDENTIFIER = com.peterjemley.BridgetUITests;
				PRODUCT_NAME = "$(TARGET_NAME)";
				SWIFT_EMIT_LOC_STRINGS = NO;
				SWIFT_VERSION = 5.0;
				TARGETED_DEVICE_FAMILY = "1,2";
				TEST_TARGET_NAME = Bridget;
			};
			name = Release;
		};
/* End XCBuildConfiguration section */

/* Begin XCConfigurationList section */
		48FF946A2E247C59000DDE6E /* Build configuration list for PBXProject "Bridget" */ = {
			isa = XCConfigurationList;
			buildConfigurations = (
				48FF94902E247C5A000DDE6E /* Debug */,
				48FF94912E247C5A000DDE6E /* Release */,
			);
			defaultConfigurationIsVisible = 0;
			defaultConfigurationName = Release;
		};
		48FF94922E247C5A000DDE6E /* Build configuration list for PBXNativeTarget "Bridget" */ = {
			isa = XCConfigurationList;
			buildConfigurations = (
				48FF94932E247C5A000DDE6E /* Debug */,
				48FF94942E247C5A000DDE6E /* Release */,
			);
			defaultConfigurationIsVisible = 0;
			defaultConfigurationName = Release;
		};
		48FF94952E247C5A000DDE6E /* Build configuration list for PBXNativeTarget "BridgetTests" */ = {
			isa = XCConfigurationList;
			buildConfigurations = (
				48FF94962E247C5A000DDE6E /* Debug */,
				48FF94972E247C5A000DDE6E /* Release */,
			);
			defaultConfigurationIsVisible = 0;
			defaultConfigurationName = Release;
		};
		48FF94982E247C5A000DDE6E /* Build configuration list for PBXNativeTarget "BridgetUITests" */ = {
			isa = XCConfigurationList;
			buildConfigurations = (
				48FF94992E247C5A000DDE6E /* Debug */,
				48FF949A2E247C5A000DDE6E /* Release */,
			);
			defaultConfigurationIsVisible = 0;
			defaultConfigurationName = Release;
		};
/* End XCConfigurationList section */

/* Begin XCLocalSwiftPackageReference section */
		48FF949B2E248681000DDE6E /* XCLocalSwiftPackageReference "Packages/BridgetBridgeDetail" */ = {
			isa = XCLocalSwiftPackageReference;
			relativePath = Packages/BridgetBridgeDetail;
		};
		48FF949E2E248699000DDE6E /* XCLocalSwiftPackageReference "Packages/BridgetBridgesList" */ = {
			isa = XCLocalSwiftPackageReference;
			relativePath = Packages/BridgetBridgesList;
		};
		48FF94A12E2486AC000DDE6E /* XCLocalSwiftPackageReference "Packages/BridgetCore" */ = {
			isa = XCLocalSwiftPackageReference;
			relativePath = Packages/BridgetCore;
		};
		48FF94A42E2486D7000DDE6E /* XCLocalSwiftPackageReference "Packages/BridgetDashboard" */ = {
			isa = XCLocalSwiftPackageReference;
			relativePath = Packages/BridgetDashboard;
		};
		48FF94A72E2486EA000DDE6E /* XCLocalSwiftPackageReference "Packages/BridgetHistory" */ = {
			isa = XCLocalSwiftPackageReference;
			relativePath = Packages/BridgetHistory;
		};
		48FF94AA2E2486FE000DDE6E /* XCLocalSwiftPackageReference "Packages/BridgetNetworking" */ = {
			isa = XCLocalSwiftPackageReference;
			relativePath = Packages/BridgetNetworking;
		};
		48FF94AD2E248712000DDE6E /* XCLocalSwiftPackageReference "Packages/BridgetRouting" */ = {
			isa = XCLocalSwiftPackageReference;
			relativePath = Packages/BridgetRouting;
		};
		48FF94B02E248727000DDE6E /* XCLocalSwiftPackageReference "Packages/BridgetSettings" */ = {
			isa = XCLocalSwiftPackageReference;
			relativePath = Packages/BridgetSettings;
		};
		48FF94B32E248739000DDE6E /* XCLocalSwiftPackageReference "Packages/BridgetSharedUI" */ = {
			isa = XCLocalSwiftPackageReference;
			relativePath = Packages/BridgetSharedUI;
		};
		48FF94B62E248749000DDE6E /* XCLocalSwiftPackageReference "Packages/BridgetStatistics" */ = {
			isa = XCLocalSwiftPackageReference;
			relativePath = Packages/BridgetStatistics;
		};
/* End XCLocalSwiftPackageReference section */

/* Begin XCSwiftPackageProductDependency section */
		48FF949C2E248681000DDE6E /* BridgetBridgeDetail */ = {
			isa = XCSwiftPackageProductDependency;
			productName = BridgetBridgeDetail;
		};
		48FF949F2E248699000DDE6E /* BridgetBridgesList */ = {
			isa = XCSwiftPackageProductDependency;
			productName = BridgetBridgesList;
		};
		48FF94A22E2486AC000DDE6E /* BridgetCore */ = {
			isa = XCSwiftPackageProductDependency;
			productName = BridgetCore;
		};
		48FF94A52E2486D7000DDE6E /* BridgetDashboard */ = {
			isa = XCSwiftPackageProductDependency;
			productName = BridgetDashboard;
		};
		48FF94A82E2486EA000DDE6E /* BridgetHistory */ = {
			isa = XCSwiftPackageProductDependency;
			productName = BridgetHistory;
		};
		48FF94AB2E2486FE000DDE6E /* BridgetNetworking */ = {
			isa = XCSwiftPackageProductDependency;
			productName = BridgetNetworking;
		};
		48FF94AE2E248712000DDE6E /* BridgetRouting */ = {
			isa = XCSwiftPackageProductDependency;
			productName = BridgetRouting;
		};
		48FF94B12E248727000DDE6E /* BridgetSettings */ = {
			isa = XCSwiftPackageProductDependency;
			productName = BridgetSettings;
		};
		48FF94B42E248739000DDE6E /* BridgetSharedUI */ = {
			isa = XCSwiftPackageProductDependency;
			productName = BridgetSharedUI;
		};
		48FF94B72E248749000DDE6E /* BridgetStatistics */ = {
			isa = XCSwiftPackageProductDependency;
			productName = BridgetStatistics;
		};
/* End XCSwiftPackageProductDependency section */
	};
	rootObject = 48FF94672E247C59000DDE6E /* Project object */;
}
